<Solution>
  <Configurations>
    <BuildType Name="Debug" />
    <BuildType Name="DebugLocal" />
    <BuildType Name="Release" />
  </Configurations>
  <Project Path="Agazah.API/Agazah.API.csproj">
    <BuildType Solution="DebugLocal|*" Project="Debug" />
  </Project>
  <Project Path="Agazah.Application/Agazah.Application.csproj">
    <BuildType Solution="DebugLocal|*" Project="Debug" />
  </Project>
  <Project Path="Agazah.Domain/Agazah.Domain.csproj">
    <BuildType Solution="DebugLocal|*" Project="Debug" />
  </Project>
  <Project Path="Agazah.Infrastructure/Agazah.Infrastructure.csproj">
    <BuildType Solution="DebugLocal|*" Project="Debug" />
  </Project>
  <Project Path="Agazah.Reporting/Agazah.Reporting.rptproj">
    <Deploy Solution="Debug|*" />
    <Deploy Solution="Release|*" />
  </Project>
</Solution>
